
Microsoft Visual Studio Solution File, Format Version 12.00
# Visual Studio Version 17
VisualStudioVersion = 17.3.32804.467
MinimumVisualStudioVersion = 10.0.40219.1
Project("{FAE04EC0-301F-11D3-BF4B-00C04F79EFBC}") = "TiendaLibros", "TiendaLibros\TiendaLibros.csproj", "{43C66C3B-B088-41D8-9A77-1F9BB4A67AE5}"
EndProject
Global
	GlobalSection(SolutionConfigurationPlatforms) = preSolution
		Debug|Any CPU = Debug|Any CPU
		Release|Any CPU = Release|Any CPU
	EndGlobalSection
	GlobalSection(ProjectConfigurationPlatforms) = postSolution
		{43C66C3B-B088-41D8-9A77-1F9BB4A67AE5}.Debug|Any CPU.ActiveCfg = Debug|Any CPU
		{43C66C3B-B088-41D8-9A77-1F9BB4A67AE5}.Debug|Any CPU.Build.0 = Debug|Any CPU
		{43C66C3B-B088-41D8-9A77-1F9BB4A67AE5}.Release|Any CPU.ActiveCfg = Release|Any CPU
		{43C66C3B-B088-41D8-9A77-1F9BB4A67AE5}.Release|Any CPU.Build.0 = Release|Any CPU
	EndGlobalSection
	GlobalSection(SolutionProperties) = preSolution
		HideSolutionNode = FALSE
	EndGlobalSection
	GlobalSection(ExtensibilityGlobals) = postSolution
		SolutionGuid = {D39D3164-4495-4436-98CE-A4504CF9D157}
	EndGlobalSection
EndGlobal
